
Microsoft Visual Studio Solution File, Format Version 12.00
# Visual Studio Version 17
VisualStudioVersion = 17.1.32210.238
MinimumVisualStudioVersion = 10.0.40219.1
Project("{FAE04EC0-301F-11D3-BF4B-00C04F79EFBC}") = "Lab1", "Lab1\Lab1.csproj", "{32C41F74-DC9D-4561-B3DE-58C4632C44DA}"
EndProject
Project("{FAE04EC0-301F-11D3-BF4B-00C04F79EFBC}") = "Lab2", "Lab2\Lab2.csproj", "{FD4756C0-316B-47BD-BA37-DC3057DCC64F}"
EndProject
Project("{FAE04EC0-301F-11D3-BF4B-00C04F79EFBC}") = "Lab3", "Lab3\Lab3.csproj", "{628DFCB1-9960-4EC9-865E-CADF7F092AC2}"
EndProject
Project("{FAE04EC0-301F-11D3-BF4B-00C04F79EFBC}") = "Lab4", "Lab4\Lab4.csproj", "{AA8386E6-07E4-4838-B21D-CFF348322939}"
EndProject
Global
	GlobalSection(SolutionConfigurationPlatforms) = preSolution
		Debug|Any CPU = Debug|Any CPU
		Release|Any CPU = Release|Any CPU
	EndGlobalSection
	GlobalSection(ProjectConfigurationPlatforms) = postSolution
		{32C41F74-DC9D-4561-B3DE-58C4632C44DA}.Debug|Any CPU.ActiveCfg = Debug|Any CPU
		{32C41F74-DC9D-4561-B3DE-58C4632C44DA}.Debug|Any CPU.Build.0 = Debug|Any CPU
		{32C41F74-DC9D-4561-B3DE-58C4632C44DA}.Release|Any CPU.ActiveCfg = Release|Any CPU
		{32C41F74-DC9D-4561-B3DE-58C4632C44DA}.Release|Any CPU.Build.0 = Release|Any CPU
		{FD4756C0-316B-47BD-BA37-DC3057DCC64F}.Debug|Any CPU.ActiveCfg = Debug|Any CPU
		{FD4756C0-316B-47BD-BA37-DC3057DCC64F}.Debug|Any CPU.Build.0 = Debug|Any CPU
		{FD4756C0-316B-47BD-BA37-DC3057DCC64F}.Release|Any CPU.ActiveCfg = Release|Any CPU
		{FD4756C0-316B-47BD-BA37-DC3057DCC64F}.Release|Any CPU.Build.0 = Release|Any CPU
		{628DFCB1-9960-4EC9-865E-CADF7F092AC2}.Debug|Any CPU.ActiveCfg = Debug|Any CPU
		{628DFCB1-9960-4EC9-865E-CADF7F092AC2}.Debug|Any CPU.Build.0 = Debug|Any CPU
		{628DFCB1-9960-4EC9-865E-CADF7F092AC2}.Release|Any CPU.ActiveCfg = Release|Any CPU
		{628DFCB1-9960-4EC9-865E-CADF7F092AC2}.Release|Any CPU.Build.0 = Release|Any CPU
		{AA8386E6-07E4-4838-B21D-CFF348322939}.Debug|Any CPU.ActiveCfg = Debug|Any CPU
		{AA8386E6-07E4-4838-B21D-CFF348322939}.Debug|Any CPU.Build.0 = Debug|Any CPU
		{AA8386E6-07E4-4838-B21D-CFF348322939}.Release|Any CPU.ActiveCfg = Release|Any CPU
		{AA8386E6-07E4-4838-B21D-CFF348322939}.Release|Any CPU.Build.0 = Release|Any CPU
	EndGlobalSection
	GlobalSection(SolutionProperties) = preSolution
		HideSolutionNode = FALSE
	EndGlobalSection
	GlobalSection(ExtensibilityGlobals) = postSolution
		SolutionGuid = {E50329BE-148F-4C87-BD2A-6A31F4303161}
	EndGlobalSection
EndGlobal
